github.com/ethereum/go-ethereum v1.14.13 h1:L81Wmv0OUP6cf4CW6wtXsr23RUrDhKs2+Y9Qto+OgHU=
github.com/ethereum/go-ethereum v1.14.13/go.mod h1:RAC2gVMWJ6FkxSPESfbshrcKpIokgQKsVKmAuqdekDY=
github.com/holiman/uint256 v1.3.1 h1:JfTzmih28bittyHM8z360dCjIA9dbPIBlcTI6lmctQs=
github.com/holiman/uint256 v1.3.1/go.mod h1:EOMSn4q6Nyt9P6efbI3bueV4e1b3dGlUCXeiRV4ng7E=
